// !$*UTF8*$!
{
	archiveVersion = 1;
	classes = {
	};
	objectVersion = 46;
	objects = {

/* Begin PBXBuildFile section */
		8B4BF1D41A8897BF00AC58D3 /* TweetCell.m in Sources */ = {isa = PBXBuildFile; fileRef = 8B4BF1D21A8897BF00AC58D3 /* TweetCell.m */; };
		8B4BF1D51A8897BF00AC58D3 /* TweetCell.xib in Resources */ = {isa = PBXBuildFile; fileRef = 8B4BF1D31A8897BF00AC58D3 /* TweetCell.xib */; };
		8BBBEEAB1A87311A001D3A84 /* TweetsViewController.m in Sources */ = {isa = PBXBuildFile; fileRef = 8BBBEEA91A87311A001D3A84 /* TweetsViewController.m */; };
		8BBBEEAC1A87311A001D3A84 /* TweetsViewController.xib in Resources */ = {isa = PBXBuildFile; fileRef = 8BBBEEAA1A87311A001D3A84 /* TweetsViewController.xib */; };
		8BC6BE101A81A2FA009C95C4 /* main.m in Sources */ = {isa = PBXBuildFile; fileRef = 8BC6BE0F1A81A2FA009C95C4 /* main.m */; };
		8BC6BE131A81A2FA009C95C4 /* AppDelegate.m in Sources */ = {isa = PBXBuildFile; fileRef = 8BC6BE121A81A2FA009C95C4 /* AppDelegate.m */; };
		8BC6BE1B1A81A2FA009C95C4 /* Images.xcassets in Resources */ = {isa = PBXBuildFile; fileRef = 8BC6BE1A1A81A2FA009C95C4 /* Images.xcassets */; };
		8BC6BE1E1A81A2FA009C95C4 /* LaunchScreen.xib in Resources */ = {isa = PBXBuildFile; fileRef = 8BC6BE1C1A81A2FA009C95C4 /* LaunchScreen.xib */; };
		8BC6BE2A1A81A2FA009C95C4 /* TwitterTests.m in Sources */ = {isa = PBXBuildFile; fileRef = 8BC6BE291A81A2FA009C95C4 /* TwitterTests.m */; };
		8BC6BE3B1A81A4FB009C95C4 /* LoginViewController.m in Sources */ = {isa = PBXBuildFile; fileRef = 8BC6BE391A81A4FB009C95C4 /* LoginViewController.m */; };
		8BC6BE3C1A81A4FB009C95C4 /* LoginViewController.xib in Resources */ = {isa = PBXBuildFile; fileRef = 8BC6BE3A1A81A4FB009C95C4 /* LoginViewController.xib */; };
		8BC6BE3F1A81A5FE009C95C4 /* TwitterClient.m in Sources */ = {isa = PBXBuildFile; fileRef = 8BC6BE3E1A81A5FE009C95C4 /* TwitterClient.m */; };
		8BC6BE431A831059009C95C4 /* Tweet.m in Sources */ = {isa = PBXBuildFile; fileRef = 8BC6BE421A831059009C95C4 /* Tweet.m */; };
		8BC6BE461A831066009C95C4 /* User.m in Sources */ = {isa = PBXBuildFile; fileRef = 8BC6BE451A831066009C95C4 /* User.m */; };
		A7F249F581B832CB8C3AA05A /* libPods.a in Frameworks */ = {isa = PBXBuildFile; fileRef = 324618E09DC867AACDEB3BEC /* libPods.a */; };
/* End PBXBuildFile section */

/* Begin PBXContainerItemProxy section */
		8BC6BE241A81A2FA009C95C4 /* PBXContainerItemProxy */ = {
			isa = PBXContainerItemProxy;
			containerPortal = 8BC6BE021A81A2FA009C95C4 /* Project object */;
			proxyType = 1;
			remoteGlobalIDString = 8BC6BE091A81A2FA009C95C4;
			remoteInfo = Twitter;
		};
/* End PBXContainerItemProxy section */

/* Begin PBXFileReference section */
		0382EC8ACF7D93C98B5AC5E5 /* Pods.release.xcconfig */ = {isa = PBXFileReference; includeInIndex = 1; lastKnownFileType = text.xcconfig; name = Pods.release.xcconfig; path = "Pods/Target Support Files/Pods/Pods.release.xcconfig"; sourceTree = "<group>"; };
		324618E09DC867AACDEB3BEC /* libPods.a */ = {isa = PBXFileReference; explicitFileType = archive.ar; includeInIndex = 0; path = libPods.a; sourceTree = BUILT_PRODUCTS_DIR; };
		8B4BF1D11A8897BF00AC58D3 /* TweetCell.h */ = {isa = PBXFileReference; fileEncoding = 4; lastKnownFileType = sourcecode.c.h; path = TweetCell.h; sourceTree = "<group>"; };
		8B4BF1D21A8897BF00AC58D3 /* TweetCell.m */ = {isa = PBXFileReference; fileEncoding = 4; lastKnownFileType = sourcecode.c.objc; path = TweetCell.m; sourceTree = "<group>"; };
		8B4BF1D31A8897BF00AC58D3 /* TweetCell.xib */ = {isa = PBXFileReference; fileEncoding = 4; lastKnownFileType = file.xib; path = TweetCell.xib; sourceTree = "<group>"; };
		8BBBEEA81A87311A001D3A84 /* TweetsViewController.h */ = {isa = PBXFileReference; fileEncoding = 4; lastKnownFileType = sourcecode.c.h; path = TweetsViewController.h; sourceTree = "<group>"; };
		8BBBEEA91A87311A001D3A84 /* TweetsViewController.m */ = {isa = PBXFileReference; fileEncoding = 4; lastKnownFileType = sourcecode.c.objc; path = TweetsViewController.m; sourceTree = "<group>"; };
		8BBBEEAA1A87311A001D3A84 /* TweetsViewController.xib */ = {isa = PBXFileReference; fileEncoding = 4; lastKnownFileType = file.xib; path = TweetsViewController.xib; sourceTree = "<group>"; };
		8BC6BE0A1A81A2FA009C95C4 /* Twitter.app */ = {isa = PBXFileReference; explicitFileType = wrapper.application; includeInIndex = 0; path = Twitter.app; sourceTree = BUILT_PRODUCTS_DIR; };
		8BC6BE0E1A81A2FA009C95C4 /* Info.plist */ = {isa = PBXFileReference; lastKnownFileType = text.plist.xml; path = Info.plist; sourceTree = "<group>"; };
		8BC6BE0F1A81A2FA009C95C4 /* main.m */ = {isa = PBXFileReference; lastKnownFileType = sourcecode.c.objc; path = main.m; sourceTree = "<group>"; };
		8BC6BE111A81A2FA009C95C4 /* AppDelegate.h */ = {isa = PBXFileReference; lastKnownFileType = sourcecode.c.h; path = AppDelegate.h; sourceTree = "<group>"; };
		8BC6BE121A81A2FA009C95C4 /* AppDelegate.m */ = {isa = PBXFileReference; lastKnownFileType = sourcecode.c.objc; path = AppDelegate.m; sourceTree = "<group>"; };
		8BC6BE1A1A81A2FA009C95C4 /* Images.xcassets */ = {isa = PBXFileReference; lastKnownFileType = folder.assetcatalog; path = Images.xcassets; sourceTree = "<group>"; };
		8BC6BE1D1A81A2FA009C95C4 /* Base */ = {isa = PBXFileReference; lastKnownFileType = file.xib; name = Base; path = Base.lproj/LaunchScreen.xib; sourceTree = "<group>"; };
		8BC6BE231A81A2FA009C95C4 /* TwitterTests.xctest */ = {isa = PBXFileReference; explicitFileType = wrapper.cfbundle; includeInIndex = 0; path = TwitterTests.xctest; sourceTree = BUILT_PRODUCTS_DIR; };
		8BC6BE281A81A2FA009C95C4 /* Info.plist */ = {isa = PBXFileReference; lastKnownFileType = text.plist.xml; path = Info.plist; sourceTree = "<group>"; };
		8BC6BE291A81A2FA009C95C4 /* TwitterTests.m */ = {isa = PBXFileReference; lastKnownFileType = sourcecode.c.objc; path = TwitterTests.m; sourceTree = "<group>"; };
		8BC6BE381A81A4FB009C95C4 /* LoginViewController.h */ = {isa = PBXFileReference; fileEncoding = 4; lastKnownFileType = sourcecode.c.h; name = LoginViewController.h; path = ../LoginViewController.h; sourceTree = "<group>"; };
		8BC6BE391A81A4FB009C95C4 /* LoginViewController.m */ = {isa = PBXFileReference; fileEncoding = 4; lastKnownFileType = sourcecode.c.objc; name = LoginViewController.m; path = ../LoginViewController.m; sourceTree = "<group>"; };
		8BC6BE3A1A81A4FB009C95C4 /* LoginViewController.xib */ = {isa = PBXFileReference; fileEncoding = 4; lastKnownFileType = file.xib; name = LoginViewController.xib; path = ../LoginViewController.xib; sourceTree = "<group>"; };
		8BC6BE3D1A81A5FE009C95C4 /* TwitterClient.h */ = {isa = PBXFileReference; fileEncoding = 4; lastKnownFileType = sourcecode.c.h; path = TwitterClient.h; sourceTree = "<group>"; };
		8BC6BE3E1A81A5FE009C95C4 /* TwitterClient.m */ = {isa = PBXFileReference; fileEncoding = 4; lastKnownFileType = sourcecode.c.objc; path = TwitterClient.m; sourceTree = "<group>"; };
		8BC6BE411A831059009C95C4 /* Tweet.h */ = {isa = PBXFileReference; fileEncoding = 4; lastKnownFileType = sourcecode.c.h; path = Tweet.h; sourceTree = "<group>"; };
		8BC6BE421A831059009C95C4 /* Tweet.m */ = {isa = PBXFileReference; fileEncoding = 4; lastKnownFileType = sourcecode.c.objc; path = Tweet.m; sourceTree = "<group>"; };
		8BC6BE441A831066009C95C4 /* User.h */ = {isa = PBXFileReference; fileEncoding = 4; lastKnownFileType = sourcecode.c.h; path = User.h; sourceTree = "<group>"; };
		8BC6BE451A831066009C95C4 /* User.m */ = {isa = PBXFileReference; fileEncoding = 4; lastKnownFileType = sourcecode.c.objc; path = User.m; sourceTree = "<group>"; };
		996E08B67FF2ECF0E88A98A3 /* Pods.debug.xcconfig */ = {isa = PBXFileReference; includeInIndex = 1; lastKnownFileType = text.xcconfig; name = Pods.debug.xcconfig; path = "Pods/Target Support Files/Pods/Pods.debug.xcconfig"; sourceTree = "<group>"; };
/* End PBXFileReference section */

/* Begin PBXFrameworksBuildPhase section */
		8BC6BE071A81A2FA009C95C4 /* Frameworks */ = {
			isa = PBXFrameworksBuildPhase;
			buildActionMask = 2147483647;
			files = (
				A7F249F581B832CB8C3AA05A /* libPods.a in Frameworks */,
			);
			runOnlyForDeploymentPostprocessing = 0;
		};
		8BC6BE201A81A2FA009C95C4 /* Frameworks */ = {
			isa = PBXFrameworksBuildPhase;
			buildActionMask = 2147483647;
			files = (
			);
			runOnlyForDeploymentPostprocessing = 0;
		};
/* End PBXFrameworksBuildPhase section */

/* Begin PBXGroup section */
		246E3264C9FAC54A2EC5D2BF /* Frameworks */ = {
			isa = PBXGroup;
			children = (
				324618E09DC867AACDEB3BEC /* libPods.a */,
			);
			name = Frameworks;
			sourceTree = "<group>";
		};
		3C5F86BA5E2FF75BD97A5D43 /* Pods */ = {
			isa = PBXGroup;
			children = (
				996E08B67FF2ECF0E88A98A3 /* Pods.debug.xcconfig */,
				0382EC8ACF7D93C98B5AC5E5 /* Pods.release.xcconfig */,
			);
			name = Pods;
			sourceTree = "<group>";
		};
		8B4BF1CF1A88976A00AC58D3 /* ViewController */ = {
			isa = PBXGroup;
			children = (
				8BBBEEA81A87311A001D3A84 /* TweetsViewController.h */,
				8BBBEEA91A87311A001D3A84 /* TweetsViewController.m */,
				8BBBEEAA1A87311A001D3A84 /* TweetsViewController.xib */,
			);
			name = ViewController;
			sourceTree = "<group>";
		};
		8B4BF1D01A88977200AC58D3 /* Views */ = {
			isa = PBXGroup;
			children = (
				8B4BF1D11A8897BF00AC58D3 /* TweetCell.h */,
				8B4BF1D21A8897BF00AC58D3 /* TweetCell.m */,
				8B4BF1D31A8897BF00AC58D3 /* TweetCell.xib */,
			);
			name = Views;
			sourceTree = "<group>";
		};
		8BC6BE011A81A2FA009C95C4 = {
			isa = PBXGroup;
			children = (
				8BC6BE0C1A81A2FA009C95C4 /* Twitter */,
				8BC6BE261A81A2FA009C95C4 /* TwitterTests */,
				8BC6BE0B1A81A2FA009C95C4 /* Products */,
				3C5F86BA5E2FF75BD97A5D43 /* Pods */,
				246E3264C9FAC54A2EC5D2BF /* Frameworks */,
			);
			sourceTree = "<group>";
		};
		8BC6BE0B1A81A2FA009C95C4 /* Products */ = {
			isa = PBXGroup;
			children = (
				8BC6BE0A1A81A2FA009C95C4 /* Twitter.app */,
				8BC6BE231A81A2FA009C95C4 /* TwitterTests.xctest */,
			);
			name = Products;
			sourceTree = "<group>";
		};
		8BC6BE0C1A81A2FA009C95C4 /* Twitter */ = {
			isa = PBXGroup;
			children = (
				8B4BF1D01A88977200AC58D3 /* Views */,
				8B4BF1CF1A88976A00AC58D3 /* ViewController */,
				8BC6BE401A831032009C95C4 /* Models */,
				8BC6BE111A81A2FA009C95C4 /* AppDelegate.h */,
				8BC6BE121A81A2FA009C95C4 /* AppDelegate.m */,
				8BC6BE381A81A4FB009C95C4 /* LoginViewController.h */,
				8BC6BE391A81A4FB009C95C4 /* LoginViewController.m */,
				8BC6BE3A1A81A4FB009C95C4 /* LoginViewController.xib */,
				8BC6BE1A1A81A2FA009C95C4 /* Images.xcassets */,
				8BC6BE1C1A81A2FA009C95C4 /* LaunchScreen.xib */,
				8BC6BE0D1A81A2FA009C95C4 /* Supporting Files */,
				8BC6BE3D1A81A5FE009C95C4 /* TwitterClient.h */,
				8BC6BE3E1A81A5FE009C95C4 /* TwitterClient.m */,
			);
			path = Twitter;
			sourceTree = "<group>";
		};
		8BC6BE0D1A81A2FA009C95C4 /* Supporting Files */ = {
			isa = PBXGroup;
			children = (
				8BC6BE0E1A81A2FA009C95C4 /* Info.plist */,
				8BC6BE0F1A81A2FA009C95C4 /* main.m */,
			);
			name = "Supporting Files";
			sourceTree = "<group>";
		};
		8BC6BE261A81A2FA009C95C4 /* TwitterTests */ = {
			isa = PBXGroup;
			children = (
				8BC6BE291A81A2FA009C95C4 /* TwitterTests.m */,
				8BC6BE271A81A2FA009C95C4 /* Supporting Files */,
			);
			path = TwitterTests;
			sourceTree = "<group>";
		};
		8BC6BE271A81A2FA009C95C4 /* Supporting Files */ = {
			isa = PBXGroup;
			children = (
				8BC6BE281A81A2FA009C95C4 /* Info.plist */,
			);
			name = "Supporting Files";
			sourceTree = "<group>";
		};
		8BC6BE401A831032009C95C4 /* Models */ = {
			isa = PBXGroup;
			children = (
				8BC6BE411A831059009C95C4 /* Tweet.h */,
				8BC6BE421A831059009C95C4 /* Tweet.m */,
				8BC6BE441A831066009C95C4 /* User.h */,
				8BC6BE451A831066009C95C4 /* User.m */,
			);
			name = Models;
			sourceTree = "<group>";
		};
/* End PBXGroup section */

/* Begin PBXNativeTarget section */
		8BC6BE091A81A2FA009C95C4 /* Twitter */ = {
			isa = PBXNativeTarget;
			buildConfigurationList = 8BC6BE2D1A81A2FA009C95C4 /* Build configuration list for PBXNativeTarget "Twitter" */;
			buildPhases = (
				D1527BECD3692C32D97F9211 /* Check Pods Manifest.lock */,
				8BC6BE061A81A2FA009C95C4 /* Sources */,
				8BC6BE071A81A2FA009C95C4 /* Frameworks */,
				8BC6BE081A81A2FA009C95C4 /* Resources */,
				CEA6B18F8918B24B4ED61C88 /* Copy Pods Resources */,
			);
			buildRules = (
			);
			dependencies = (
			);
			name = Twitter;
			productName = Twitter;
			productReference = 8BC6BE0A1A81A2FA009C95C4 /* Twitter.app */;
			productType = "com.apple.product-type.application";
		};
		8BC6BE221A81A2FA009C95C4 /* TwitterTests */ = {
			isa = PBXNativeTarget;
			buildConfigurationList = 8BC6BE301A81A2FA009C95C4 /* Build configuration list for PBXNativeTarget "TwitterTests" */;
			buildPhases = (
				8BC6BE1F1A81A2FA009C95C4 /* Sources */,
				8BC6BE201A81A2FA009C95C4 /* Frameworks */,
				8BC6BE211A81A2FA009C95C4 /* Resources */,
			);
			buildRules = (
			);
			dependencies = (
				8BC6BE251A81A2FA009C95C4 /* PBXTargetDependency */,
			);
			name = TwitterTests;
			productName = TwitterTests;
			productReference = 8BC6BE231A81A2FA009C95C4 /* TwitterTests.xctest */;
			productType = "com.apple.product-type.bundle.unit-test";
		};
/* End PBXNativeTarget section */

/* Begin PBXProject section */
		8BC6BE021A81A2FA009C95C4 /* Project object */ = {
			isa = PBXProject;
			attributes = {
				LastUpgradeCheck = 0610;
				ORGANIZATIONNAME = "Xu He";
				TargetAttributes = {
					8BC6BE091A81A2FA009C95C4 = {
						CreatedOnToolsVersion = 6.1.1;
					};
					8BC6BE221A81A2FA009C95C4 = {
						CreatedOnToolsVersion = 6.1.1;
						TestTargetID = 8BC6BE091A81A2FA009C95C4;
					};
				};
			};
			buildConfigurationList = 8BC6BE051A81A2FA009C95C4 /* Build configuration list for PBXProject "Twitter" */;
			compatibilityVersion = "Xcode 3.2";
			developmentRegion = English;
			hasScannedForEncodings = 0;
			knownRegions = (
				en,
				Base,
			);
			mainGroup = 8BC6BE011A81A2FA009C95C4;
			productRefGroup = 8BC6BE0B1A81A2FA009C95C4 /* Products */;
			projectDirPath = "";
			projectRoot = "";
			targets = (
				8BC6BE091A81A2FA009C95C4 /* Twitter */,
				8BC6BE221A81A2FA009C95C4 /* TwitterTests */,
			);
		};
/* End PBXProject section */

/* Begin PBXResourcesBuildPhase section */
		8BC6BE081A81A2FA009C95C4 /* Resources */ = {
			isa = PBXResourcesBuildPhase;
			buildActionMask = 2147483647;
			files = (
				8BBBEEAC1A87311A001D3A84 /* TweetsViewController.xib in Resources */,
				8B4BF1D51A8897BF00AC58D3 /* TweetCell.xib in Resources */,
				8BC6BE1E1A81A2FA009C95C4 /* LaunchScreen.xib in Resources */,
				8BC6BE1B1A81A2FA009C95C4 /* Images.xcassets in Resources */,
				8BC6BE3C1A81A4FB009C95C4 /* LoginViewController.xib in Resources */,
			);
			runOnlyForDeploymentPostprocessing = 0;
		};
		8BC6BE211A81A2FA009C95C4 /* Resources */ = {
			isa = PBXResourcesBuildPhase;
			buildActionMask = 2147483647;
			files = (
			);
			runOnlyForDeploymentPostprocessing = 0;
		};
/* End PBXResourcesBuildPhase section */

/* Begin PBXShellScriptBuildPhase section */
		CEA6B18F8918B24B4ED61C88 /* Copy Pods Resources */ = {
			isa = PBXShellScriptBuildPhase;
			buildActionMask = 2147483647;
			files = (
			);
			inputPaths = (
			);
			name = "Copy Pods Resources";
			outputPaths = (
			);
			runOnlyForDeploymentPostprocessing = 0;
			shellPath = /bin/sh;
			shellScript = "\"${SRCROOT}/Pods/Target Support Files/Pods/Pods-resources.sh\"\n";
			showEnvVarsInLog = 0;
		};
		D1527BECD3692C32D97F9211 /* Check Pods Manifest.lock */ = {
			isa = PBXShellScriptBuildPhase;
			buildActionMask = 2147483647;
			files = (
			);
			inputPaths = (
			);
			name = "Check Pods Manifest.lock";
			outputPaths = (
			);
			runOnlyForDeploymentPostprocessing = 0;
			shellPath = /bin/sh;
			shellScript = "diff \"${PODS_ROOT}/../Podfile.lock\" \"${PODS_ROOT}/Manifest.lock\" > /dev/null\nif [[ $? != 0 ]] ; then\n    cat << EOM\nerror: The sandbox is not in sync with the Podfile.lock. Run 'pod install' or update your CocoaPods installation.\nEOM\n    exit 1\nfi\n";
			showEnvVarsInLog = 0;
		};
/* End PBXShellScriptBuildPhase section */

/* Begin PBXSourcesBuildPhase section */
		8BC6BE061A81A2FA009C95C4 /* Sources */ = {
			isa = PBXSourcesBuildPhase;
			buildActionMask = 2147483647;
			files = (
				8BC6BE3F1A81A5FE009C95C4 /* TwitterClient.m in Sources */,
				8BC6BE131A81A2FA009C95C4 /* AppDelegate.m in Sources */,
				8BC6BE461A831066009C95C4 /* User.m in Sources */,
				8BC6BE431A831059009C95C4 /* Tweet.m in Sources */,
				8BC6BE101A81A2FA009C95C4 /* main.m in Sources */,
				8BC6BE3B1A81A4FB009C95C4 /* LoginViewController.m in Sources */,
				8BBBEEAB1A87311A001D3A84 /* TweetsViewController.m in Sources */,
				8B4BF1D41A8897BF00AC58D3 /* TweetCell.m in Sources */,
			);
			runOnlyForDeploymentPostprocessing = 0;
		};
		8BC6BE1F1A81A2FA009C95C4 /* Sources */ = {
			isa = PBXSourcesBuildPhase;
			buildActionMask = 2147483647;
			files = (
				8BC6BE2A1A81A2FA009C95C4 /* TwitterTests.m in Sources */,
			);
			runOnlyForDeploymentPostprocessing = 0;
		};
/* End PBXSourcesBuildPhase section */

/* Begin PBXTargetDependency section */
		8BC6BE251A81A2FA009C95C4 /* PBXTargetDependency */ = {
			isa = PBXTargetDependency;
			target = 8BC6BE091A81A2FA009C95C4 /* Twitter */;
			targetProxy = 8BC6BE241A81A2FA009C95C4 /* PBXContainerItemProxy */;
		};
/* End PBXTargetDependency section */

/* Begin PBXVariantGroup section */
		8BC6BE1C1A81A2FA009C95C4 /* LaunchScreen.xib */ = {
			isa = PBXVariantGroup;
			children = (
				8BC6BE1D1A81A2FA009C95C4 /* Base */,
			);
			name = LaunchScreen.xib;
			sourceTree = "<group>";
		};
/* End PBXVariantGroup section */

/* Begin XCBuildConfiguration section */
		8BC6BE2B1A81A2FA009C95C4 /* Debug */ = {
			isa = XCBuildConfiguration;
			buildSettings = {
				ALWAYS_SEARCH_USER_PATHS = NO;
				CLANG_CXX_LANGUAGE_STANDARD = "gnu++0x";
				CLANG_CXX_LIBRARY = "libc++";
				CLANG_ENABLE_MODULES = YES;
				CLANG_ENABLE_OBJC_ARC = YES;
				CLANG_WARN_BOOL_CONVERSION = YES;
				CLANG_WARN_CONSTANT_CONVERSION = YES;
				CLANG_WARN_DIRECT_OBJC_ISA_USAGE = YES_ERROR;
				CLANG_WARN_EMPTY_BODY = YES;
				CLANG_WARN_ENUM_CONVERSION = YES;
				CLANG_WARN_INT_CONVERSION = YES;
				CLANG_WARN_OBJC_ROOT_CLASS = YES_ERROR;
				CLANG_WARN_UNREACHABLE_CODE = YES;
				CLANG_WARN__DUPLICATE_METHOD_MATCH = YES;
				"CODE_SIGN_IDENTITY[sdk=iphoneos*]" = "iPhone Developer";
				COPY_PHASE_STRIP = NO;
				ENABLE_STRICT_OBJC_MSGSEND = YES;
				GCC_C_LANGUAGE_STANDARD = gnu99;
				GCC_DYNAMIC_NO_PIC = NO;
				GCC_OPTIMIZATION_LEVEL = 0;
				GCC_PREPROCESSOR_DEFINITIONS = (
					"DEBUG=1",
					"$(inherited)",
				);
				GCC_SYMBOLS_PRIVATE_EXTERN = NO;
				GCC_WARN_64_TO_32_BIT_CONVERSION = YES;
				GCC_WARN_ABOUT_RETURN_TYPE = YES_ERROR;
				GCC_WARN_UNDECLARED_SELECTOR = YES;
				GCC_WARN_UNINITIALIZED_AUTOS = YES_AGGRESSIVE;
				GCC_WARN_UNUSED_FUNCTION = YES;
				GCC_WARN_UNUSED_VARIABLE = YES;
				IPHONEOS_DEPLOYMENT_TARGET = 8.1;
				MTL_ENABLE_DEBUG_INFO = YES;
				ONLY_ACTIVE_ARCH = YES;
				SDKROOT = iphoneos;
			};
			name = Debug;
		};
		8BC6BE2C1A81A2FA009C95C4 /* Release */ = {
			isa = XCBuildConfiguration;
			buildSettings = {
				ALWAYS_SEARCH_USER_PATHS = NO;
				CLANG_CXX_LANGUAGE_STANDARD = "gnu++0x";
				CLANG_CXX_LIBRARY = "libc++";
				CLANG_ENABLE_MODULES = YES;
				CLANG_ENABLE_OBJC_ARC = YES;
				CLANG_WARN_BOOL_CONVERSION = YES;
				CLANG_WARN_CONSTANT_CONVERSION = YES;
				CLANG_WARN_DIRECT_OBJC_ISA_USAGE = YES_ERROR;
				CLANG_WARN_EMPTY_BODY = YES;
				CLANG_WARN_ENUM_CONVERSION = YES;
				CLANG_WARN_INT_CONVERSION = YES;
				CLANG_WARN_OBJC_ROOT_CLASS = YES_ERROR;
				CLANG_WARN_UNREACHABLE_CODE = YES;
				CLANG_WARN__DUPLICATE_METHOD_MATCH = YES;
				"CODE_SIGN_IDENTITY[sdk=iphoneos*]" = "iPhone Developer";
				COPY_PHASE_STRIP = YES;
				ENABLE_NS_ASSERTIONS = NO;
				ENABLE_STRICT_OBJC_MSGSEND = YES;
				GCC_C_LANGUAGE_STANDARD = gnu99;
				GCC_WARN_64_TO_32_BIT_CONVERSION = YES;
				GCC_WARN_ABOUT_RETURN_TYPE = YES_ERROR;
				GCC_WARN_UNDECLARED_SELECTOR = YES;
				GCC_WARN_UNINITIALIZED_AUTOS = YES_AGGRESSIVE;
				GCC_WARN_UNUSED_FUNCTION = YES;
				GCC_WARN_UNUSED_VARIABLE = YES;
				IPHONEOS_DEPLOYMENT_TARGET = 8.1;
				MTL_ENABLE_DEBUG_INFO = NO;
				SDKROOT = iphoneos;
				VALIDATE_PRODUCT = YES;
			};
			name = Release;
		};
		8BC6BE2E1A81A2FA009C95C4 /* Debug */ = {
			isa = XCBuildConfiguration;
			baseConfigurationReference = 996E08B67FF2ECF0E88A98A3 /* Pods.debug.xcconfig */;
			buildSettings = {
				ASSETCATALOG_COMPILER_APPICON_NAME = AppIcon;
				INFOPLIST_FILE = Twitter/Info.plist;
				IPHONEOS_DEPLOYMENT_TARGET = 8.1;
				LD_RUNPATH_SEARCH_PATHS = "$(inherited) @executable_path/Frameworks";
				PRODUCT_NAME = "$(TARGET_NAME)";
			};
			name = Debug;
		};
		8BC6BE2F1A81A2FA009C95C4 /* Release */ = {
			isa = XCBuildConfiguration;
			baseConfigurationReference = 0382EC8ACF7D93C98B5AC5E5 /* Pods.release.xcconfig */;
			buildSettings = {
				ASSETCATALOG_COMPILER_APPICON_NAME = AppIcon;
				INFOPLIST_FILE = Twitter/Info.plist;
				IPHONEOS_DEPLOYMENT_TARGET = 8.1;
				LD_RUNPATH_SEARCH_PATHS = "$(inherited) @executable_path/Frameworks";
				PRODUCT_NAME = "$(TARGET_NAME)";
			};
			name = Release;
		};
		8BC6BE311A81A2FA009C95C4 /* Debug */ = {
			isa = XCBuildConfiguration;
			buildSettings = {
				BUNDLE_LOADER = "$(TEST_HOST)";
				FRAMEWORK_SEARCH_PATHS = (
					"$(SDKROOT)/Developer/Library/Frameworks",
					"$(inherited)",
				);
				GCC_PREPROCESSOR_DEFINITIONS = (
					"DEBUG=1",
					"$(inherited)",
				);
				INFOPLIST_FILE = TwitterTests/Info.plist;
				LD_RUNPATH_SEARCH_PATHS = "$(inherited) @executable_path/Frameworks @loader_path/Frameworks";
				PRODUCT_NAME = "$(TARGET_NAME)";
				TEST_HOST = "$(BUILT_PRODUCTS_DIR)/Twitter.app/Twitter";
			};
			name = Debug;
		};
		8BC6BE321A81A2FA009C95C4 /* Release */ = {
			isa = XCBuildConfiguration;
			buildSettings = {
				BUNDLE_LOADER = "$(TEST_HOST)";
				FRAMEWORK_SEARCH_PATHS = (
					"$(SDKROOT)/Developer/Library/Frameworks",
					"$(inherited)",
				);
				INFOPLIST_FILE = TwitterTests/Info.plist;
				LD_RUNPATH_SEARCH_PATHS = "$(inherited) @executable_path/Frameworks @loader_path/Frameworks";
				PRODUCT_NAME = "$(TARGET_NAME)";
				TEST_HOST = "$(BUILT_PRODUCTS_DIR)/Twitter.app/Twitter";
			};
			name = Release;
		};
/* End XCBuildConfiguration section */

/* Begin XCConfigurationList section */
		8BC6BE051A81A2FA009C95C4 /* Build configuration list for PBXProject "Twitter" */ = {
			isa = XCConfigurationList;
			buildConfigurations = (
				8BC6BE2B1A81A2FA009C95C4 /* Debug */,
				8BC6BE2C1A81A2FA009C95C4 /* Release */,
			);
			defaultConfigurationIsVisible = 0;
			defaultConfigurationName = Release;
		};
		8BC6BE2D1A81A2FA009C95C4 /* Build configuration list for PBXNativeTarget "Twitter" */ = {
			isa = XCConfigurationList;
			buildConfigurations = (
				8BC6BE2E1A81A2FA009C95C4 /* Debug */,
				8BC6BE2F1A81A2FA009C95C4 /* Release */,
			);
			defaultConfigurationIsVisible = 0;
			defaultConfigurationName = Release;
		};
		8BC6BE301A81A2FA009C95C4 /* Build configuration list for PBXNativeTarget "TwitterTests" */ = {
			isa = XCConfigurationList;
			buildConfigurations = (
				8BC6BE311A81A2FA009C95C4 /* Debug */,
				8BC6BE321A81A2FA009C95C4 /* Release */,
			);
			defaultConfigurationIsVisible = 0;
			defaultConfigurationName = Release;
		};
/* End XCConfigurationList section */
	};
	rootObject = 8BC6BE021A81A2FA009C95C4 /* Project object */;
}
